{
    "_readme": [
        "This file locks the dependencies of your project to a known state",
        "Read more about it at https://getcomposer.org/doc/01-basic-usage.md#installing-dependencies",
        "This file is @generated automatically"
    ],
    "content-hash": "fbaf4efea1537f397f0de22bb0324ec8",
    "packages": [
        {
            "name": "expert-framework/database",
            "version": "v1.5.1",
            "source": {
                "type": "git",
                "url": "https://github.com/jonas-elias/expert-framework-database.git",
                "reference": "cfc6ca3a90819752d651fce24bee8b37f0708b16"
            },
            "dist": {
                "type": "zip",
                "url": "https://api.github.com/repos/jonas-elias/expert-framework-database/zipball/cfc6ca3a90819752d651fce24bee8b37f0708b16",
                "reference": "cfc6ca3a90819752d651fce24bee8b37f0708b16",
                "shasum": ""
            },
            "require": {
                "expert-framework/helpers": "^2.0"
            },
            "type": "library",
            "autoload": {
                "psr-4": {
                    "ExpertFramework\\Database\\": "src/"
                }
            },
            "notification-url": "https://packagist.org/downloads/",
            "license": [
                "MIT"
            ],
            "authors": [
                {
                    "name": "Jonas Elias",
                    "email": "jonasdasilvaelias@gmail.com"
                }
            ],
            "support": {
                "issues": "https://github.com/jonas-elias/expert-framework-database/issues",
                "source": "https://github.com/jonas-elias/expert-framework-database/tree/v1.5.1"
            },
            "time": "2023-10-26T02:00:50+00:00"
        },
        {
            "name": "expert-framework/helpers",
            "version": "v2.2.0",
            "source": {
                "type": "git",
                "url": "https://github.com/jonas-elias/expert-framework-helpers.git",
                "reference": "2ffe922ef9350b85cd5c549cbab822a9daac9f42"
            },
            "dist": {
                "type": "zip",
                "url": "https://api.github.com/repos/jonas-elias/expert-framework-helpers/zipball/2ffe922ef9350b85cd5c549cbab822a9daac9f42",
                "reference": "2ffe922ef9350b85cd5c549cbab822a9daac9f42",
                "shasum": ""
            },
            "type": "library",
            "autoload": {
                "psr-4": {
                    "ExpertFramework\\Helpers\\": "src/"
                }
            },
            "notification-url": "https://packagist.org/downloads/",
            "license": [
                "MIT"
            ],
            "authors": [
                {
                    "name": "Jonas Elias",
                    "email": "jonasdasilvaelias@gmail.com"
                }
            ],
            "support": {
                "issues": "https://github.com/jonas-elias/expert-framework-helpers/issues",
                "source": "https://github.com/jonas-elias/expert-framework-helpers/tree/v2.2.0"
            },
            "time": "2023-10-25T08:19:58+00:00"
        }
    ],
    "packages-dev": [],
    "aliases": [],
    "minimum-stability": "stable",
    "stability-flags": [],
    "prefer-stable": false,
    "prefer-lowest": false,
    "platform": [],
    "platform-dev": [],
    "plugin-api-version": "2.6.0"
}
